
Microsoft Visual Studio Solution File, Format Version 12.00
Project("{FAE04EC0-301F-11D3-BF4B-00C04F79EFBC}") = "GCPTestContainers", "GCPTestContainers\GCPTestContainers.csproj", "{42D2FE33-343A-4033-963F-141CFC83C188}"
EndProject
Project("{FAE04EC0-301F-11D3-BF4B-00C04F79EFBC}") = "GCPTestContainers.Tests", "GCPTestContainers.Tests\GCPTestContainers.Tests.csproj", "{207289B9-0144-4627-80ED-9FEB6C717AB9}"
EndProject
Global
	GlobalSection(SolutionConfigurationPlatforms) = preSolution
		Debug|Any CPU = Debug|Any CPU
		Release|Any CPU = Release|Any CPU
	EndGlobalSection
	GlobalSection(ProjectConfigurationPlatforms) = postSolution
		{42D2FE33-343A-4033-963F-141CFC83C188}.Debug|Any CPU.ActiveCfg = Debug|Any CPU
		{42D2FE33-343A-4033-963F-141CFC83C188}.Debug|Any CPU.Build.0 = Debug|Any CPU
		{42D2FE33-343A-4033-963F-141CFC83C188}.Release|Any CPU.ActiveCfg = Release|Any CPU
		{42D2FE33-343A-4033-963F-141CFC83C188}.Release|Any CPU.Build.0 = Release|Any CPU
		{207289B9-0144-4627-80ED-9FEB6C717AB9}.Debug|Any CPU.ActiveCfg = Debug|Any CPU
		{207289B9-0144-4627-80ED-9FEB6C717AB9}.Debug|Any CPU.Build.0 = Debug|Any CPU
		{207289B9-0144-4627-80ED-9FEB6C717AB9}.Release|Any CPU.ActiveCfg = Release|Any CPU
		{207289B9-0144-4627-80ED-9FEB6C717AB9}.Release|Any CPU.Build.0 = Release|Any CPU
	EndGlobalSection
EndGlobal
